// !$*UTF8*$!
{
	archiveVersion = 1;
	classes = {
	};
	objectVersion = 50;
	objects = {

/* Begin PBXBuildFile section */
		00660CDA46FD1CD4684791B3 /* Pods_ParstagramUITests.framework in Frameworks */ = {isa = PBXBuildFile; fileRef = 3705E53B852B99174D8F3CE9 /* Pods_ParstagramUITests.framework */; };
		729C4AD82257781800E689AC /* LoginViewController.swift in Sources */ = {isa = PBXBuildFile; fileRef = 729C4AD72257781800E689AC /* LoginViewController.swift */; };
		729C4ADA2257784000E689AC /* FeedViewController.swift in Sources */ = {isa = PBXBuildFile; fileRef = 729C4AD92257784000E689AC /* FeedViewController.swift */; };
		729C4ADC225B3BE200E689AC /* CameraViewController.swift in Sources */ = {isa = PBXBuildFile; fileRef = 729C4ADB225B3BE000E689AC /* CameraViewController.swift */; };
		72C02E02225258CB00EA8C5C /* AppDelegate.swift in Sources */ = {isa = PBXBuildFile; fileRef = 72C02E01225258CB00EA8C5C /* AppDelegate.swift */; };
		72C02E07225258CB00EA8C5C /* Main.storyboard in Resources */ = {isa = PBXBuildFile; fileRef = 72C02E05225258CB00EA8C5C /* Main.storyboard */; };
		72C02E09225258E000EA8C5C /* Assets.xcassets in Resources */ = {isa = PBXBuildFile; fileRef = 72C02E08225258E000EA8C5C /* Assets.xcassets */; };
		72C02E0C225258E000EA8C5C /* LaunchScreen.storyboard in Resources */ = {isa = PBXBuildFile; fileRef = 72C02E0A225258E000EA8C5C /* LaunchScreen.storyboard */; };
		72C02E17225258E100EA8C5C /* ParstagramTests.swift in Sources */ = {isa = PBXBuildFile; fileRef = 72C02E16225258E100EA8C5C /* ParstagramTests.swift */; };
		72C02E22225258E100EA8C5C /* ParstagramUITests.swift in Sources */ = {isa = PBXBuildFile; fileRef = 72C02E21225258E100EA8C5C /* ParstagramUITests.swift */; };
		840E8DAD70A4B6EF7D038931 /* Pods_Parstagram.framework in Frameworks */ = {isa = PBXBuildFile; fileRef = ECBD9516871EC405F47048BD /* Pods_Parstagram.framework */; };
		FA1EA72591EE8DEC2042C383 /* Pods_ParstagramTests.framework in Frameworks */ = {isa = PBXBuildFile; fileRef = 2E700E12DD7E49894FDCD73F /* Pods_ParstagramTests.framework */; };
/* End PBXBuildFile section */

/* Begin PBXContainerItemProxy section */
		72C02E13225258E100EA8C5C /* PBXContainerItemProxy */ = {
			isa = PBXContainerItemProxy;
			containerPortal = 72C02DF6225258CB00EA8C5C /* Project object */;
			proxyType = 1;
			remoteGlobalIDString = 72C02DFD225258CB00EA8C5C;
			remoteInfo = Parstagram;
		};
		72C02E1E225258E100EA8C5C /* PBXContainerItemProxy */ = {
			isa = PBXContainerItemProxy;
			containerPortal = 72C02DF6225258CB00EA8C5C /* Project object */;
			proxyType = 1;
			remoteGlobalIDString = 72C02DFD225258CB00EA8C5C;
			remoteInfo = Parstagram;
		};
/* End PBXContainerItemProxy section */

/* Begin PBXFileReference section */
		04F1B4B77108DFFCD5B8C026 /* Pods-Parstagram.release.xcconfig */ = {isa = PBXFileReference; includeInIndex = 1; lastKnownFileType = text.xcconfig; name = "Pods-Parstagram.release.xcconfig"; path = "Target Support Files/Pods-Parstagram/Pods-Parstagram.release.xcconfig"; sourceTree = "<group>"; };
		2DFFF93C1BC406D09C453111 /* Pods-ParstagramUITests.debug.xcconfig */ = {isa = PBXFileReference; includeInIndex = 1; lastKnownFileType = text.xcconfig; name = "Pods-ParstagramUITests.debug.xcconfig"; path = "Target Support Files/Pods-ParstagramUITests/Pods-ParstagramUITests.debug.xcconfig"; sourceTree = "<group>"; };
		2E700E12DD7E49894FDCD73F /* Pods_ParstagramTests.framework */ = {isa = PBXFileReference; explicitFileType = wrapper.framework; includeInIndex = 0; path = Pods_ParstagramTests.framework; sourceTree = BUILT_PRODUCTS_DIR; };
		3705E53B852B99174D8F3CE9 /* Pods_ParstagramUITests.framework */ = {isa = PBXFileReference; explicitFileType = wrapper.framework; includeInIndex = 0; path = Pods_ParstagramUITests.framework; sourceTree = BUILT_PRODUCTS_DIR; };
		729C4AD72257781800E689AC /* LoginViewController.swift */ = {isa = PBXFileReference; lastKnownFileType = sourcecode.swift; path = LoginViewController.swift; sourceTree = "<group>"; };
		729C4AD92257784000E689AC /* FeedViewController.swift */ = {isa = PBXFileReference; lastKnownFileType = sourcecode.swift; path = FeedViewController.swift; sourceTree = "<group>"; };
		729C4ADB225B3BE000E689AC /* CameraViewController.swift */ = {isa = PBXFileReference; lastKnownFileType = sourcecode.swift; path = CameraViewController.swift; sourceTree = "<group>"; };
		72C02DFE225258CB00EA8C5C /* Parstagram.app */ = {isa = PBXFileReference; explicitFileType = wrapper.application; includeInIndex = 0; path = Parstagram.app; sourceTree = BUILT_PRODUCTS_DIR; };
		72C02E01225258CB00EA8C5C /* AppDelegate.swift */ = {isa = PBXFileReference; lastKnownFileType = sourcecode.swift; path = AppDelegate.swift; sourceTree = "<group>"; };
		72C02E06225258CB00EA8C5C /* Base */ = {isa = PBXFileReference; lastKnownFileType = file.storyboard; name = Base; path = Base.lproj/Main.storyboard; sourceTree = "<group>"; };
		72C02E08225258E000EA8C5C /* Assets.xcassets */ = {isa = PBXFileReference; lastKnownFileType = folder.assetcatalog; path = Assets.xcassets; sourceTree = "<group>"; };
		72C02E0B225258E000EA8C5C /* Base */ = {isa = PBXFileReference; lastKnownFileType = file.storyboard; name = Base; path = Base.lproj/LaunchScreen.storyboard; sourceTree = "<group>"; };
		72C02E0D225258E000EA8C5C /* Info.plist */ = {isa = PBXFileReference; lastKnownFileType = text.plist.xml; path = Info.plist; sourceTree = "<group>"; };
		72C02E12225258E100EA8C5C /* ParstagramTests.xctest */ = {isa = PBXFileReference; explicitFileType = wrapper.cfbundle; includeInIndex = 0; path = ParstagramTests.xctest; sourceTree = BUILT_PRODUCTS_DIR; };
		72C02E16225258E100EA8C5C /* ParstagramTests.swift */ = {isa = PBXFileReference; lastKnownFileType = sourcecode.swift; path = ParstagramTests.swift; sourceTree = "<group>"; };
		72C02E18225258E100EA8C5C /* Info.plist */ = {isa = PBXFileReference; lastKnownFileType = text.plist.xml; path = Info.plist; sourceTree = "<group>"; };
		72C02E1D225258E100EA8C5C /* ParstagramUITests.xctest */ = {isa = PBXFileReference; explicitFileType = wrapper.cfbundle; includeInIndex = 0; path = ParstagramUITests.xctest; sourceTree = BUILT_PRODUCTS_DIR; };
		72C02E21225258E100EA8C5C /* ParstagramUITests.swift */ = {isa = PBXFileReference; lastKnownFileType = sourcecode.swift; path = ParstagramUITests.swift; sourceTree = "<group>"; };
		72C02E23225258E100EA8C5C /* Info.plist */ = {isa = PBXFileReference; lastKnownFileType = text.plist.xml; path = Info.plist; sourceTree = "<group>"; };
		8BC94A2F52C513336AE3284D /* Pods-ParstagramUITests.release.xcconfig */ = {isa = PBXFileReference; includeInIndex = 1; lastKnownFileType = text.xcconfig; name = "Pods-ParstagramUITests.release.xcconfig"; path = "Target Support Files/Pods-ParstagramUITests/Pods-ParstagramUITests.release.xcconfig"; sourceTree = "<group>"; };
		B80B9D7EA495898E045D1F0B /* Pods-ParstagramTests.debug.xcconfig */ = {isa = PBXFileReference; includeInIndex = 1; lastKnownFileType = text.xcconfig; name = "Pods-ParstagramTests.debug.xcconfig"; path = "Target Support Files/Pods-ParstagramTests/Pods-ParstagramTests.debug.xcconfig"; sourceTree = "<group>"; };
		C915572D8BF927C9D0E77AA5 /* Pods-ParstagramTests.release.xcconfig */ = {isa = PBXFileReference; includeInIndex = 1; lastKnownFileType = text.xcconfig; name = "Pods-ParstagramTests.release.xcconfig"; path = "Target Support Files/Pods-ParstagramTests/Pods-ParstagramTests.release.xcconfig"; sourceTree = "<group>"; };
		E2E2BF412AFF70A31798E98E /* Pods-Parstagram.debug.xcconfig */ = {isa = PBXFileReference; includeInIndex = 1; lastKnownFileType = text.xcconfig; name = "Pods-Parstagram.debug.xcconfig"; path = "Target Support Files/Pods-Parstagram/Pods-Parstagram.debug.xcconfig"; sourceTree = "<group>"; };
		ECBD9516871EC405F47048BD /* Pods_Parstagram.framework */ = {isa = PBXFileReference; explicitFileType = wrapper.framework; includeInIndex = 0; path = Pods_Parstagram.framework; sourceTree = BUILT_PRODUCTS_DIR; };
/* End PBXFileReference section */

/* Begin PBXFrameworksBuildPhase section */
		72C02DFB225258CB00EA8C5C /* Frameworks */ = {
			isa = PBXFrameworksBuildPhase;
			buildActionMask = 2147483647;
			files = (
				840E8DAD70A4B6EF7D038931 /* Pods_Parstagram.framework in Frameworks */,
			);
			runOnlyForDeploymentPostprocessing = 0;
		};
		72C02E0F225258E100EA8C5C /* Frameworks */ = {
			isa = PBXFrameworksBuildPhase;
			buildActionMask = 2147483647;
			files = (
				FA1EA72591EE8DEC2042C383 /* Pods_ParstagramTests.framework in Frameworks */,
			);
			runOnlyForDeploymentPostprocessing = 0;
		};
		72C02E1A225258E100EA8C5C /* Frameworks */ = {
			isa = PBXFrameworksBuildPhase;
			buildActionMask = 2147483647;
			files = (
				00660CDA46FD1CD4684791B3 /* Pods_ParstagramUITests.framework in Frameworks */,
			);
			runOnlyForDeploymentPostprocessing = 0;
		};
/* End PBXFrameworksBuildPhase section */

/* Begin PBXGroup section */
		72C02DF5225258CB00EA8C5C = {
			isa = PBXGroup;
			children = (
				72C02E00225258CB00EA8C5C /* Parstagram */,
				72C02E15225258E100EA8C5C /* ParstagramTests */,
				72C02E20225258E100EA8C5C /* ParstagramUITests */,
				72C02DFF225258CB00EA8C5C /* Products */,
				BFEACBE6C32AF68F50B367B2 /* Pods */,
				E0A4F29AEC975E7C2DD8C61C /* Frameworks */,
			);
			sourceTree = "<group>";
		};
		72C02DFF225258CB00EA8C5C /* Products */ = {
			isa = PBXGroup;
			children = (
				72C02DFE225258CB00EA8C5C /* Parstagram.app */,
				72C02E12225258E100EA8C5C /* ParstagramTests.xctest */,
				72C02E1D225258E100EA8C5C /* ParstagramUITests.xctest */,
			);
			name = Products;
			sourceTree = "<group>";
		};
		72C02E00225258CB00EA8C5C /* Parstagram */ = {
			isa = PBXGroup;
			children = (
				72C02E01225258CB00EA8C5C /* AppDelegate.swift */,
				72C02E05225258CB00EA8C5C /* Main.storyboard */,
				72C02E08225258E000EA8C5C /* Assets.xcassets */,
				72C02E0A225258E000EA8C5C /* LaunchScreen.storyboard */,
				72C02E0D225258E000EA8C5C /* Info.plist */,
				729C4AD72257781800E689AC /* LoginViewController.swift */,
				729C4AD92257784000E689AC /* FeedViewController.swift */,
				729C4ADB225B3BE000E689AC /* CameraViewController.swift */,
			);
			path = Parstagram;
			sourceTree = "<group>";
		};
		72C02E15225258E100EA8C5C /* ParstagramTests */ = {
			isa = PBXGroup;
			children = (
				72C02E16225258E100EA8C5C /* ParstagramTests.swift */,
				72C02E18225258E100EA8C5C /* Info.plist */,
			);
			path = ParstagramTests;
			sourceTree = "<group>";
		};
		72C02E20225258E100EA8C5C /* ParstagramUITests */ = {
			isa = PBXGroup;
			children = (
				72C02E21225258E100EA8C5C /* ParstagramUITests.swift */,
				72C02E23225258E100EA8C5C /* Info.plist */,
			);
			path = ParstagramUITests;
			sourceTree = "<group>";
		};
		BFEACBE6C32AF68F50B367B2 /* Pods */ = {
			isa = PBXGroup;
			children = (
				E2E2BF412AFF70A31798E98E /* Pods-Parstagram.debug.xcconfig */,
				04F1B4B77108DFFCD5B8C026 /* Pods-Parstagram.release.xcconfig */,
				B80B9D7EA495898E045D1F0B /* Pods-ParstagramTests.debug.xcconfig */,
				C915572D8BF927C9D0E77AA5 /* Pods-ParstagramTests.release.xcconfig */,
				2DFFF93C1BC406D09C453111 /* Pods-ParstagramUITests.debug.xcconfig */,
				8BC94A2F52C513336AE3284D /* Pods-ParstagramUITests.release.xcconfig */,
			);
			path = Pods;
			sourceTree = "<group>";
		};
		E0A4F29AEC975E7C2DD8C61C /* Frameworks */ = {
			isa = PBXGroup;
			children = (
				ECBD9516871EC405F47048BD /* Pods_Parstagram.framework */,
				2E700E12DD7E49894FDCD73F /* Pods_ParstagramTests.framework */,
				3705E53B852B99174D8F3CE9 /* Pods_ParstagramUITests.framework */,
			);
			name = Frameworks;
			sourceTree = "<group>";
		};
/* End PBXGroup section */

/* Begin PBXNativeTarget section */
		72C02DFD225258CB00EA8C5C /* Parstagram */ = {
			isa = PBXNativeTarget;
			buildConfigurationList = 72C02E26225258E100EA8C5C /* Build configuration list for PBXNativeTarget "Parstagram" */;
			buildPhases = (
				4630E8D73A5EF1B54FCA009A /* [CP] Check Pods Manifest.lock */,
				72C02DFA225258CB00EA8C5C /* Sources */,
				72C02DFB225258CB00EA8C5C /* Frameworks */,
				72C02DFC225258CB00EA8C5C /* Resources */,
				9D25178A144B6C325D392EB4 /* [CP] Embed Pods Frameworks */,
			);
			buildRules = (
			);
			dependencies = (
			);
			name = Parstagram;
			productName = Parstagram;
			productReference = 72C02DFE225258CB00EA8C5C /* Parstagram.app */;
			productType = "com.apple.product-type.application";
		};
		72C02E11225258E100EA8C5C /* ParstagramTests */ = {
			isa = PBXNativeTarget;
			buildConfigurationList = 72C02E29225258E100EA8C5C /* Build configuration list for PBXNativeTarget "ParstagramTests" */;
			buildPhases = (
				09C824F62C9166918D2D324E /* [CP] Check Pods Manifest.lock */,
				72C02E0E225258E100EA8C5C /* Sources */,
				72C02E0F225258E100EA8C5C /* Frameworks */,
				72C02E10225258E100EA8C5C /* Resources */,
			);
			buildRules = (
			);
			dependencies = (
				72C02E14225258E100EA8C5C /* PBXTargetDependency */,
			);
			name = ParstagramTests;
			productName = ParstagramTests;
			productReference = 72C02E12225258E100EA8C5C /* ParstagramTests.xctest */;
			productType = "com.apple.product-type.bundle.unit-test";
		};
		72C02E1C225258E100EA8C5C /* ParstagramUITests */ = {
			isa = PBXNativeTarget;
			buildConfigurationList = 72C02E2C225258E100EA8C5C /* Build configuration list for PBXNativeTarget "ParstagramUITests" */;
			buildPhases = (
				0CC6272B29A970565DD393FA /* [CP] Check Pods Manifest.lock */,
				72C02E19225258E100EA8C5C /* Sources */,
				72C02E1A225258E100EA8C5C /* Frameworks */,
				72C02E1B225258E100EA8C5C /* Resources */,
			);
			buildRules = (
			);
			dependencies = (
				72C02E1F225258E100EA8C5C /* PBXTargetDependency */,
			);
			name = ParstagramUITests;
			productName = ParstagramUITests;
			productReference = 72C02E1D225258E100EA8C5C /* ParstagramUITests.xctest */;
			productType = "com.apple.product-type.bundle.ui-testing";
		};
/* End PBXNativeTarget section */

/* Begin PBXProject section */
		72C02DF6225258CB00EA8C5C /* Project object */ = {
			isa = PBXProject;
			attributes = {
				LastSwiftUpdateCheck = 1010;
				LastUpgradeCheck = 1010;
				ORGANIZATIONNAME = MamadouABalde;
				TargetAttributes = {
					72C02DFD225258CB00EA8C5C = {
						CreatedOnToolsVersion = 10.1;
					};
					72C02E11225258E100EA8C5C = {
						CreatedOnToolsVersion = 10.1;
						TestTargetID = 72C02DFD225258CB00EA8C5C;
					};
					72C02E1C225258E100EA8C5C = {
						CreatedOnToolsVersion = 10.1;
						TestTargetID = 72C02DFD225258CB00EA8C5C;
					};
				};
			};
			buildConfigurationList = 72C02DF9225258CB00EA8C5C /* Build configuration list for PBXProject "Parstagram" */;
			compatibilityVersion = "Xcode 9.3";
			developmentRegion = en;
			hasScannedForEncodings = 0;
			knownRegions = (
				en,
				Base,
			);
			mainGroup = 72C02DF5225258CB00EA8C5C;
			productRefGroup = 72C02DFF225258CB00EA8C5C /* Products */;
			projectDirPath = "";
			projectRoot = "";
			targets = (
				72C02DFD225258CB00EA8C5C /* Parstagram */,
				72C02E11225258E100EA8C5C /* ParstagramTests */,
				72C02E1C225258E100EA8C5C /* ParstagramUITests */,
			);
		};
/* End PBXProject section */

/* Begin PBXResourcesBuildPhase section */
		72C02DFC225258CB00EA8C5C /* Resources */ = {
			isa = PBXResourcesBuildPhase;
			buildActionMask = 2147483647;
			files = (
				72C02E0C225258E000EA8C5C /* LaunchScreen.storyboard in Resources */,
				72C02E09225258E000EA8C5C /* Assets.xcassets in Resources */,
				72C02E07225258CB00EA8C5C /* Main.storyboard in Resources */,
			);
			runOnlyForDeploymentPostprocessing = 0;
		};
		72C02E10225258E100EA8C5C /* Resources */ = {
			isa = PBXResourcesBuildPhase;
			buildActionMask = 2147483647;
			files = (
			);
			runOnlyForDeploymentPostprocessing = 0;
		};
		72C02E1B225258E100EA8C5C /* Resources */ = {
			isa = PBXResourcesBuildPhase;
			buildActionMask = 2147483647;
			files = (
			);
			runOnlyForDeploymentPostprocessing = 0;
		};
/* End PBXResourcesBuildPhase section */

/* Begin PBXShellScriptBuildPhase section */
		09C824F62C9166918D2D324E /* [CP] Check Pods Manifest.lock */ = {
			isa = PBXShellScriptBuildPhase;
			buildActionMask = 2147483647;
			files = (
			);
			inputFileListPaths = (
			);
			inputPaths = (
				"${PODS_PODFILE_DIR_PATH}/Podfile.lock",
				"${PODS_ROOT}/Manifest.lock",
			);
			name = "[CP] Check Pods Manifest.lock";
			outputFileListPaths = (
			);
			outputPaths = (
				"$(DERIVED_FILE_DIR)/Pods-ParstagramTests-checkManifestLockResult.txt",
			);
			runOnlyForDeploymentPostprocessing = 0;
			shellPath = /bin/sh;
			shellScript = "diff \"${PODS_PODFILE_DIR_PATH}/Podfile.lock\" \"${PODS_ROOT}/Manifest.lock\" > /dev/null\nif [ $? != 0 ] ; then\n    # print error to STDERR\n    echo \"error: The sandbox is not in sync with the Podfile.lock. Run 'pod install' or update your CocoaPods installation.\" >&2\n    exit 1\nfi\n# This output is used by Xcode 'outputs' to avoid re-running this script phase.\necho \"SUCCESS\" > \"${SCRIPT_OUTPUT_FILE_0}\"\n";
			showEnvVarsInLog = 0;
		};
		0CC6272B29A970565DD393FA /* [CP] Check Pods Manifest.lock */ = {
			isa = PBXShellScriptBuildPhase;
			buildActionMask = 2147483647;
			files = (
			);
			inputFileListPaths = (
			);
			inputPaths = (
				"${PODS_PODFILE_DIR_PATH}/Podfile.lock",
				"${PODS_ROOT}/Manifest.lock",
			);
			name = "[CP] Check Pods Manifest.lock";
			outputFileListPaths = (
			);
			outputPaths = (
				"$(DERIVED_FILE_DIR)/Pods-ParstagramUITests-checkManifestLockResult.txt",
			);
			runOnlyForDeploymentPostprocessing = 0;
			shellPath = /bin/sh;
			shellScript = "diff \"${PODS_PODFILE_DIR_PATH}/Podfile.lock\" \"${PODS_ROOT}/Manifest.lock\" > /dev/null\nif [ $? != 0 ] ; then\n    # print error to STDERR\n    echo \"error: The sandbox is not in sync with the Podfile.lock. Run 'pod install' or update your CocoaPods installation.\" >&2\n    exit 1\nfi\n# This output is used by Xcode 'outputs' to avoid re-running this script phase.\necho \"SUCCESS\" > \"${SCRIPT_OUTPUT_FILE_0}\"\n";
			showEnvVarsInLog = 0;
		};
		4630E8D73A5EF1B54FCA009A /* [CP] Check Pods Manifest.lock */ = {
			isa = PBXShellScriptBuildPhase;
			buildActionMask = 2147483647;
			files = (
			);
			inputFileListPaths = (
			);
			inputPaths = (
				"${PODS_PODFILE_DIR_PATH}/Podfile.lock",
				"${PODS_ROOT}/Manifest.lock",
			);
			name = "[CP] Check Pods Manifest.lock";
			outputFileListPaths = (
			);
			outputPaths = (
				"$(DERIVED_FILE_DIR)/Pods-Parstagram-checkManifestLockResult.txt",
			);
			runOnlyForDeploymentPostprocessing = 0;
			shellPath = /bin/sh;
			shellScript = "diff \"${PODS_PODFILE_DIR_PATH}/Podfile.lock\" \"${PODS_ROOT}/Manifest.lock\" > /dev/null\nif [ $? != 0 ] ; then\n    # print error to STDERR\n    echo \"error: The sandbox is not in sync with the Podfile.lock. Run 'pod install' or update your CocoaPods installation.\" >&2\n    exit 1\nfi\n# This output is used by Xcode 'outputs' to avoid re-running this script phase.\necho \"SUCCESS\" > \"${SCRIPT_OUTPUT_FILE_0}\"\n";
			showEnvVarsInLog = 0;
		};
		9D25178A144B6C325D392EB4 /* [CP] Embed Pods Frameworks */ = {
			isa = PBXShellScriptBuildPhase;
			buildActionMask = 2147483647;
			files = (
			);
			inputFileListPaths = (
			);
			inputPaths = (
				"${PODS_ROOT}/Target Support Files/Pods-Parstagram/Pods-Parstagram-frameworks.sh",
				"${BUILT_PRODUCTS_DIR}/Alamofire/Alamofire.framework",
				"${BUILT_PRODUCTS_DIR}/AlamofireImage/AlamofireImage.framework",
				"${BUILT_PRODUCTS_DIR}/Bolts/Bolts.framework",
				"${BUILT_PRODUCTS_DIR}/Parse/Parse.framework",
			);
			name = "[CP] Embed Pods Frameworks";
			outputFileListPaths = (
			);
			outputPaths = (
				"${TARGET_BUILD_DIR}/${FRAMEWORKS_FOLDER_PATH}/Alamofire.framework",
				"${TARGET_BUILD_DIR}/${FRAMEWORKS_FOLDER_PATH}/AlamofireImage.framework",
				"${TARGET_BUILD_DIR}/${FRAMEWORKS_FOLDER_PATH}/Bolts.framework",
				"${TARGET_BUILD_DIR}/${FRAMEWORKS_FOLDER_PATH}/Parse.framework",
			);
			runOnlyForDeploymentPostprocessing = 0;
			shellPath = /bin/sh;
			shellScript = "\"${PODS_ROOT}/Target Support Files/Pods-Parstagram/Pods-Parstagram-frameworks.sh\"\n";
			showEnvVarsInLog = 0;
		};
/* End PBXShellScriptBuildPhase section */

/* Begin PBXSourcesBuildPhase section */
		72C02DFA225258CB00EA8C5C /* Sources */ = {
			isa = PBXSourcesBuildPhase;
			buildActionMask = 2147483647;
			files = (
				729C4AD82257781800E689AC /* LoginViewController.swift in Sources */,
				729C4ADC225B3BE200E689AC /* CameraViewController.swift in Sources */,
				729C4ADA2257784000E689AC /* FeedViewController.swift in Sources */,
				72C02E02225258CB00EA8C5C /* AppDelegate.swift in Sources */,
			);
			runOnlyForDeploymentPostprocessing = 0;
		};
		72C02E0E225258E100EA8C5C /* Sources */ = {
			isa = PBXSourcesBuildPhase;
			buildActionMask = 2147483647;
			files = (
				72C02E17225258E100EA8C5C /* ParstagramTests.swift in Sources */,
			);
			runOnlyForDeploymentPostprocessing = 0;
		};
		72C02E19225258E100EA8C5C /* Sources */ = {
			isa = PBXSourcesBuildPhase;
			buildActionMask = 2147483647;
			files = (
				72C02E22225258E100EA8C5C /* ParstagramUITests.swift in Sources */,
			);
			runOnlyForDeploymentPostprocessing = 0;
		};
/* End PBXSourcesBuildPhase section */

/* Begin PBXTargetDependency section */
		72C02E14225258E100EA8C5C /* PBXTargetDependency */ = {
			isa = PBXTargetDependency;
			target = 72C02DFD225258CB00EA8C5C /* Parstagram */;
			targetProxy = 72C02E13225258E100EA8C5C /* PBXContainerItemProxy */;
		};
		72C02E1F225258E100EA8C5C /* PBXTargetDependency */ = {
			isa = PBXTargetDependency;
			target = 72C02DFD225258CB00EA8C5C /* Parstagram */;
			targetProxy = 72C02E1E225258E100EA8C5C /* PBXContainerItemProxy */;
		};
/* End PBXTargetDependency section */

/* Begin PBXVariantGroup section */
		72C02E05225258CB00EA8C5C /* Main.storyboard */ = {
			isa = PBXVariantGroup;
			children = (
				72C02E06225258CB00EA8C5C /* Base */,
			);
			name = Main.storyboard;
			sourceTree = "<group>";
		};
		72C02E0A225258E000EA8C5C /* LaunchScreen.storyboard */ = {
			isa = PBXVariantGroup;
			children = (
				72C02E0B225258E000EA8C5C /* Base */,
			);
			name = LaunchScreen.storyboard;
			sourceTree = "<group>";
		};
/* End PBXVariantGroup section */

/* Begin XCBuildConfiguration section */
		72C02E24225258E100EA8C5C /* Debug */ = {
			isa = XCBuildConfiguration;
			buildSettings = {
				ALWAYS_SEARCH_USER_PATHS = NO;
				CLANG_ANALYZER_NONNULL = YES;
				CLANG_ANALYZER_NUMBER_OBJECT_CONVERSION = YES_AGGRESSIVE;
				CLANG_CXX_LANGUAGE_STANDARD = "gnu++14";
				CLANG_CXX_LIBRARY = "libc++";
				CLANG_ENABLE_MODULES = YES;
				CLANG_ENABLE_OBJC_ARC = YES;
				CLANG_ENABLE_OBJC_WEAK = YES;
				CLANG_WARN_BLOCK_CAPTURE_AUTORELEASING = YES;
				CLANG_WARN_BOOL_CONVERSION = YES;
				CLANG_WARN_COMMA = YES;
				CLANG_WARN_CONSTANT_CONVERSION = YES;
				CLANG_WARN_DEPRECATED_OBJC_IMPLEMENTATIONS = YES;
				CLANG_WARN_DIRECT_OBJC_ISA_USAGE = YES_ERROR;
				CLANG_WARN_DOCUMENTATION_COMMENTS = YES;
				CLANG_WARN_EMPTY_BODY = YES;
				CLANG_WARN_ENUM_CONVERSION = YES;
				CLANG_WARN_INFINITE_RECURSION = YES;
				CLANG_WARN_INT_CONVERSION = YES;
				CLANG_WARN_NON_LITERAL_NULL_CONVERSION = YES;
				CLANG_WARN_OBJC_IMPLICIT_RETAIN_SELF = YES;
				CLANG_WARN_OBJC_LITERAL_CONVERSION = YES;
				CLANG_WARN_OBJC_ROOT_CLASS = YES_ERROR;
				CLANG_WARN_RANGE_LOOP_ANALYSIS = YES;
				CLANG_WARN_STRICT_PROTOTYPES = YES;
				CLANG_WARN_SUSPICIOUS_MOVE = YES;
				CLANG_WARN_UNGUARDED_AVAILABILITY = YES_AGGRESSIVE;
				CLANG_WARN_UNREACHABLE_CODE = YES;
				CLANG_WARN__DUPLICATE_METHOD_MATCH = YES;
				CODE_SIGN_IDENTITY = "iPhone Developer";
				COPY_PHASE_STRIP = NO;
				DEBUG_INFORMATION_FORMAT = dwarf;
				ENABLE_STRICT_OBJC_MSGSEND = YES;
				ENABLE_TESTABILITY = YES;
				GCC_C_LANGUAGE_STANDARD = gnu11;
				GCC_DYNAMIC_NO_PIC = NO;
				GCC_NO_COMMON_BLOCKS = YES;
				GCC_OPTIMIZATION_LEVEL = 0;
				GCC_PREPROCESSOR_DEFINITIONS = (
					"DEBUG=1",
					"$(inherited)",
				);
				GCC_WARN_64_TO_32_BIT_CONVERSION = YES;
				GCC_WARN_ABOUT_RETURN_TYPE = YES_ERROR;
				GCC_WARN_UNDECLARED_SELECTOR = YES;
				GCC_WARN_UNINITIALIZED_AUTOS = YES_AGGRESSIVE;
				GCC_WARN_UNUSED_FUNCTION = YES;
				GCC_WARN_UNUSED_VARIABLE = YES;
				IPHONEOS_DEPLOYMENT_TARGET = 12.1;
				MTL_ENABLE_DEBUG_INFO = INCLUDE_SOURCE;
				MTL_FAST_MATH = YES;
				ONLY_ACTIVE_ARCH = YES;
				SDKROOT = iphoneos;
				SWIFT_ACTIVE_COMPILATION_CONDITIONS = DEBUG;
				SWIFT_OPTIMIZATION_LEVEL = "-Onone";
			};
			name = Debug;
		};
		72C02E25225258E100EA8C5C /* Release */ = {
			isa = XCBuildConfiguration;
			buildSettings = {
				ALWAYS_SEARCH_USER_PATHS = NO;
				CLANG_ANALYZER_NONNULL = YES;
				CLANG_ANALYZER_NUMBER_OBJECT_CONVERSION = YES_AGGRESSIVE;
				CLANG_CXX_LANGUAGE_STANDARD = "gnu++14";
				CLANG_CXX_LIBRARY = "libc++";
				CLANG_ENABLE_MODULES = YES;
				CLANG_ENABLE_OBJC_ARC = YES;
				CLANG_ENABLE_OBJC_WEAK = YES;
				CLANG_WARN_BLOCK_CAPTURE_AUTORELEASING = YES;
				CLANG_WARN_BOOL_CONVERSION = YES;
				CLANG_WARN_COMMA = YES;
				CLANG_WARN_CONSTANT_CONVERSION = YES;
				CLANG_WARN_DEPRECATED_OBJC_IMPLEMENTATIONS = YES;
				CLANG_WARN_DIRECT_OBJC_ISA_USAGE = YES_ERROR;
				CLANG_WARN_DOCUMENTATION_COMMENTS = YES;
				CLANG_WARN_EMPTY_BODY = YES;
				CLANG_WARN_ENUM_CONVERSION = YES;
				CLANG_WARN_INFINITE_RECURSION = YES;
				CLANG_WARN_INT_CONVERSION = YES;
				CLANG_WARN_NON_LITERAL_NULL_CONVERSION = YES;
				CLANG_WARN_OBJC_IMPLICIT_RETAIN_SELF = YES;
				CLANG_WARN_OBJC_LITERAL_CONVERSION = YES;
				CLANG_WARN_OBJC_ROOT_CLASS = YES_ERROR;
				CLANG_WARN_RANGE_LOOP_ANALYSIS = YES;
				CLANG_WARN_STRICT_PROTOTYPES = YES;
				CLANG_WARN_SUSPICIOUS_MOVE = YES;
				CLANG_WARN_UNGUARDED_AVAILABILITY = YES_AGGRESSIVE;
				CLANG_WARN_UNREACHABLE_CODE = YES;
				CLANG_WARN__DUPLICATE_METHOD_MATCH = YES;
				CODE_SIGN_IDENTITY = "iPhone Developer";
				COPY_PHASE_STRIP = NO;
				DEBUG_INFORMATION_FORMAT = "dwarf-with-dsym";
				ENABLE_NS_ASSERTIONS = NO;
				ENABLE_STRICT_OBJC_MSGSEND = YES;
				GCC_C_LANGUAGE_STANDARD = gnu11;
				GCC_NO_COMMON_BLOCKS = YES;
				GCC_WARN_64_TO_32_BIT_CONVERSION = YES;
				GCC_WARN_ABOUT_RETURN_TYPE = YES_ERROR;
				GCC_WARN_UNDECLARED_SELECTOR = YES;
				GCC_WARN_UNINITIALIZED_AUTOS = YES_AGGRESSIVE;
				GCC_WARN_UNUSED_FUNCTION = YES;
				GCC_WARN_UNUSED_VARIABLE = YES;
				IPHONEOS_DEPLOYMENT_TARGET = 12.1;
				MTL_ENABLE_DEBUG_INFO = NO;
				MTL_FAST_MATH = YES;
				SDKROOT = iphoneos;
				SWIFT_COMPILATION_MODE = wholemodule;
				SWIFT_OPTIMIZATION_LEVEL = "-O";
				VALIDATE_PRODUCT = YES;
			};
			name = Release;
		};
		72C02E27225258E100EA8C5C /* Debug */ = {
			isa = XCBuildConfiguration;
			baseConfigurationReference = E2E2BF412AFF70A31798E98E /* Pods-Parstagram.debug.xcconfig */;
			buildSettings = {
				ASSETCATALOG_COMPILER_APPICON_NAME = AppIcon;
				CODE_SIGN_STYLE = Automatic;
				INFOPLIST_FILE = Parstagram/Info.plist;
				LD_RUNPATH_SEARCH_PATHS = (
					"$(inherited)",
					"@executable_path/Frameworks",
				);
				PRODUCT_BUNDLE_IDENTIFIER = "Exo-1.Parstagram";
				PRODUCT_NAME = "$(TARGET_NAME)";
				SWIFT_VERSION = 4.2;
				TARGETED_DEVICE_FAMILY = "1,2";
			};
			name = Debug;
		};
		72C02E28225258E100EA8C5C /* Release */ = {
			isa = XCBuildConfiguration;
			baseConfigurationReference = 04F1B4B77108DFFCD5B8C026 /* Pods-Parstagram.release.xcconfig */;
			buildSettings = {
				ASSETCATALOG_COMPILER_APPICON_NAME = AppIcon;
				CODE_SIGN_STYLE = Automatic;
				INFOPLIST_FILE = Parstagram/Info.plist;
				LD_RUNPATH_SEARCH_PATHS = (
					"$(inherited)",
					"@executable_path/Frameworks",
				);
				PRODUCT_BUNDLE_IDENTIFIER = "Exo-1.Parstagram";
				PRODUCT_NAME = "$(TARGET_NAME)";
				SWIFT_VERSION = 4.2;
				TARGETED_DEVICE_FAMILY = "1,2";
			};
			name = Release;
		};
		72C02E2A225258E100EA8C5C /* Debug */ = {
			isa = XCBuildConfiguration;
			baseConfigurationReference = B80B9D7EA495898E045D1F0B /* Pods-ParstagramTests.debug.xcconfig */;
			buildSettings = {
				ALWAYS_EMBED_SWIFT_STANDARD_LIBRARIES = YES;
				BUNDLE_LOADER = "$(TEST_HOST)";
				CODE_SIGN_STYLE = Automatic;
				INFOPLIST_FILE = ParstagramTests/Info.plist;
				LD_RUNPATH_SEARCH_PATHS = (
					"$(inherited)",
					"@executable_path/Frameworks",
					"@loader_path/Frameworks",
				);
				PRODUCT_BUNDLE_IDENTIFIER = "Exo-1.ParstagramTests";
				PRODUCT_NAME = "$(TARGET_NAME)";
				SWIFT_VERSION = 4.2;
				TARGETED_DEVICE_FAMILY = "1,2";
				TEST_HOST = "$(BUILT_PRODUCTS_DIR)/Parstagram.app/Parstagram";
			};
			name = Debug;
		};
		72C02E2B225258E100EA8C5C /* Release */ = {
			isa = XCBuildConfiguration;
			baseConfigurationReference = C915572D8BF927C9D0E77AA5 /* Pods-ParstagramTests.release.xcconfig */;
			buildSettings = {
				ALWAYS_EMBED_SWIFT_STANDARD_LIBRARIES = YES;
				BUNDLE_LOADER = "$(TEST_HOST)";
				CODE_SIGN_STYLE = Automatic;
				INFOPLIST_FILE = ParstagramTests/Info.plist;
				LD_RUNPATH_SEARCH_PATHS = (
					"$(inherited)",
					"@executable_path/Frameworks",
					"@loader_path/Frameworks",
				);
				PRODUCT_BUNDLE_IDENTIFIER = "Exo-1.ParstagramTests";
				PRODUCT_NAME = "$(TARGET_NAME)";
				SWIFT_VERSION = 4.2;
				TARGETED_DEVICE_FAMILY = "1,2";
				TEST_HOST = "$(BUILT_PRODUCTS_DIR)/Parstagram.app/Parstagram";
			};
			name = Release;
		};
		72C02E2D225258E100EA8C5C /* Debug */ = {
			isa = XCBuildConfiguration;
			baseConfigurationReference = 2DFFF93C1BC406D09C453111 /* Pods-ParstagramUITests.debug.xcconfig */;
			buildSettings = {
				ALWAYS_EMBED_SWIFT_STANDARD_LIBRARIES = YES;
				CODE_SIGN_STYLE = Automatic;
				INFOPLIST_FILE = ParstagramUITests/Info.plist;
				LD_RUNPATH_SEARCH_PATHS = (
					"$(inherited)",
					"@executable_path/Frameworks",
					"@loader_path/Frameworks",
				);
				PRODUCT_BUNDLE_IDENTIFIER = "Exo-1.ParstagramUITests";
				PRODUCT_NAME = "$(TARGET_NAME)";
				SWIFT_VERSION = 4.2;
				TARGETED_DEVICE_FAMILY = "1,2";
				TEST_TARGET_NAME = Parstagram;
			};
			name = Debug;
		};
		72C02E2E225258E100EA8C5C /* Release */ = {
			isa = XCBuildConfiguration;
			baseConfigurationReference = 8BC94A2F52C513336AE3284D /* Pods-ParstagramUITests.release.xcconfig */;
			buildSettings = {
				ALWAYS_EMBED_SWIFT_STANDARD_LIBRARIES = YES;
				CODE_SIGN_STYLE = Automatic;
				INFOPLIST_FILE = ParstagramUITests/Info.plist;
				LD_RUNPATH_SEARCH_PATHS = (
					"$(inherited)",
					"@executable_path/Frameworks",
					"@loader_path/Frameworks",
				);
				PRODUCT_BUNDLE_IDENTIFIER = "Exo-1.ParstagramUITests";
				PRODUCT_NAME = "$(TARGET_NAME)";
				SWIFT_VERSION = 4.2;
				TARGETED_DEVICE_FAMILY = "1,2";
				TEST_TARGET_NAME = Parstagram;
			};
			name = Release;
		};
/* End XCBuildConfiguration section */

/* Begin XCConfigurationList section */
		72C02DF9225258CB00EA8C5C /* Build configuration list for PBXProject "Parstagram" */ = {
			isa = XCConfigurationList;
			buildConfigurations = (
				72C02E24225258E100EA8C5C /* Debug */,
				72C02E25225258E100EA8C5C /* Release */,
			);
			defaultConfigurationIsVisible = 0;
			defaultConfigurationName = Release;
		};
		72C02E26225258E100EA8C5C /* Build configuration list for PBXNativeTarget "Parstagram" */ = {
			isa = XCConfigurationList;
			buildConfigurations = (
				72C02E27225258E100EA8C5C /* Debug */,
				72C02E28225258E100EA8C5C /* Release */,
			);
			defaultConfigurationIsVisible = 0;
			defaultConfigurationName = Release;
		};
		72C02E29225258E100EA8C5C /* Build configuration list for PBXNativeTarget "ParstagramTests" */ = {
			isa = XCConfigurationList;
			buildConfigurations = (
				72C02E2A225258E100EA8C5C /* Debug */,
				72C02E2B225258E100EA8C5C /* Release */,
			);
			defaultConfigurationIsVisible = 0;
			defaultConfigurationName = Release;
		};
		72C02E2C225258E100EA8C5C /* Build configuration list for PBXNativeTarget "ParstagramUITests" */ = {
			isa = XCConfigurationList;
			buildConfigurations = (
				72C02E2D225258E100EA8C5C /* Debug */,
				72C02E2E225258E100EA8C5C /* Release */,
			);
			defaultConfigurationIsVisible = 0;
			defaultConfigurationName = Release;
		};
/* End XCConfigurationList section */
	};
	rootObject = 72C02DF6225258CB00EA8C5C /* Project object */;
}
