// !$*UTF8*$!
{
	archiveVersion = 1;
	classes = {
	};
	objectVersion = 50;
	objects = {

/* Begin PBXBuildFile section */
		72C02E02225258CB00EA8C5C /* AppDelegate.swift in Sources */ = {isa = PBXBuildFile; fileRef = 72C02E01225258CB00EA8C5C /* AppDelegate.swift */; };
		72C02E04225258CB00EA8C5C /* ViewController.swift in Sources */ = {isa = PBXBuildFile; fileRef = 72C02E03225258CB00EA8C5C /* ViewController.swift */; };
		72C02E07225258CB00EA8C5C /* Main.storyboard in Resources */ = {isa = PBXBuildFile; fileRef = 72C02E05225258CB00EA8C5C /* Main.storyboard */; };
		72C02E09225258E000EA8C5C /* Assets.xcassets in Resources */ = {isa = PBXBuildFile; fileRef = 72C02E08225258E000EA8C5C /* Assets.xcassets */; };
		72C02E0C225258E000EA8C5C /* LaunchScreen.storyboard in Resources */ = {isa = PBXBuildFile; fileRef = 72C02E0A225258E000EA8C5C /* LaunchScreen.storyboard */; };
		72C02E17225258E100EA8C5C /* ParstagramTests.swift in Sources */ = {isa = PBXBuildFile; fileRef = 72C02E16225258E100EA8C5C /* ParstagramTests.swift */; };
		72C02E22225258E100EA8C5C /* ParstagramUITests.swift in Sources */ = {isa = PBXBuildFile; fileRef = 72C02E21225258E100EA8C5C /* ParstagramUITests.swift */; };
/* End PBXBuildFile section */

/* Begin PBXContainerItemProxy section */
		72C02E13225258E100EA8C5C /* PBXContainerItemProxy */ = {
			isa = PBXContainerItemProxy;
			containerPortal = 72C02DF6225258CB00EA8C5C /* Project object */;
			proxyType = 1;
			remoteGlobalIDString = 72C02DFD225258CB00EA8C5C;
			remoteInfo = Parstagram;
		};
		72C02E1E225258E100EA8C5C /* PBXContainerItemProxy */ = {
			isa = PBXContainerItemProxy;
			containerPortal = 72C02DF6225258CB00EA8C5C /* Project object */;
			proxyType = 1;
			remoteGlobalIDString = 72C02DFD225258CB00EA8C5C;
			remoteInfo = Parstagram;
		};
/* End PBXContainerItemProxy section */

/* Begin PBXFileReference section */
		72C02DFE225258CB00EA8C5C /* Parstagram.app */ = {isa = PBXFileReference; explicitFileType = wrapper.application; includeInIndex = 0; path = Parstagram.app; sourceTree = BUILT_PRODUCTS_DIR; };
		72C02E01225258CB00EA8C5C /* AppDelegate.swift */ = {isa = PBXFileReference; lastKnownFileType = sourcecode.swift; path = AppDelegate.swift; sourceTree = "<group>"; };
		72C02E03225258CB00EA8C5C /* ViewController.swift */ = {isa = PBXFileReference; lastKnownFileType = sourcecode.swift; path = ViewController.swift; sourceTree = "<group>"; };
		72C02E06225258CB00EA8C5C /* Base */ = {isa = PBXFileReference; lastKnownFileType = file.storyboard; name = Base; path = Base.lproj/Main.storyboard; sourceTree = "<group>"; };
		72C02E08225258E000EA8C5C /* Assets.xcassets */ = {isa = PBXFileReference; lastKnownFileType = folder.assetcatalog; path = Assets.xcassets; sourceTree = "<group>"; };
		72C02E0B225258E000EA8C5C /* Base */ = {isa = PBXFileReference; lastKnownFileType = file.storyboard; name = Base; path = Base.lproj/LaunchScreen.storyboard; sourceTree = "<group>"; };
		72C02E0D225258E000EA8C5C /* Info.plist */ = {isa = PBXFileReference; lastKnownFileType = text.plist.xml; path = Info.plist; sourceTree = "<group>"; };
		72C02E12225258E100EA8C5C /* ParstagramTests.xctest */ = {isa = PBXFileReference; explicitFileType = wrapper.cfbundle; includeInIndex = 0; path = ParstagramTests.xctest; sourceTree = BUILT_PRODUCTS_DIR; };
		72C02E16225258E100EA8C5C /* ParstagramTests.swift */ = {isa = PBXFileReference; lastKnownFileType = sourcecode.swift; path = ParstagramTests.swift; sourceTree = "<group>"; };
		72C02E18225258E100EA8C5C /* Info.plist */ = {isa = PBXFileReference; lastKnownFileType = text.plist.xml; path = Info.plist; sourceTree = "<group>"; };
		72C02E1D225258E100EA8C5C /* ParstagramUITests.xctest */ = {isa = PBXFileReference; explicitFileType = wrapper.cfbundle; includeInIndex = 0; path = ParstagramUITests.xctest; sourceTree = BUILT_PRODUCTS_DIR; };
		72C02E21225258E100EA8C5C /* ParstagramUITests.swift */ = {isa = PBXFileReference; lastKnownFileType = sourcecode.swift; path = ParstagramUITests.swift; sourceTree = "<group>"; };
		72C02E23225258E100EA8C5C /* Info.plist */ = {isa = PBXFileReference; lastKnownFileType = text.plist.xml; path = Info.plist; sourceTree = "<group>"; };
/* End PBXFileReference section */

/* Begin PBXFrameworksBuildPhase section */
		72C02DFB225258CB00EA8C5C /* Frameworks */ = {
			isa = PBXFrameworksBuildPhase;
			buildActionMask = 2147483647;
			files = (
			);
			runOnlyForDeploymentPostprocessing = 0;
		};
		72C02E0F225258E100EA8C5C /* Frameworks */ = {
			isa = PBXFrameworksBuildPhase;
			buildActionMask = 2147483647;
			files = (
			);
			runOnlyForDeploymentPostprocessing = 0;
		};
		72C02E1A225258E100EA8C5C /* Frameworks */ = {
			isa = PBXFrameworksBuildPhase;
			buildActionMask = 2147483647;
			files = (
			);
			runOnlyForDeploymentPostprocessing = 0;
		};
/* End PBXFrameworksBuildPhase section */

/* Begin PBXGroup section */
		72C02DF5225258CB00EA8C5C = {
			isa = PBXGroup;
			children = (
				72C02E00225258CB00EA8C5C /* Parstagram */,
				72C02E15225258E100EA8C5C /* ParstagramTests */,
				72C02E20225258E100EA8C5C /* ParstagramUITests */,
				72C02DFF225258CB00EA8C5C /* Products */,
			);
			sourceTree = "<group>";
		};
		72C02DFF225258CB00EA8C5C /* Products */ = {
			isa = PBXGroup;
			children = (
				72C02DFE225258CB00EA8C5C /* Parstagram.app */,
				72C02E12225258E100EA8C5C /* ParstagramTests.xctest */,
				72C02E1D225258E100EA8C5C /* ParstagramUITests.xctest */,
			);
			name = Products;
			sourceTree = "<group>";
		};
		72C02E00225258CB00EA8C5C /* Parstagram */ = {
			isa = PBXGroup;
			children = (
				72C02E01225258CB00EA8C5C /* AppDelegate.swift */,
				72C02E03225258CB00EA8C5C /* ViewController.swift */,
				72C02E05225258CB00EA8C5C /* Main.storyboard */,
				72C02E08225258E000EA8C5C /* Assets.xcassets */,
				72C02E0A225258E000EA8C5C /* LaunchScreen.storyboard */,
				72C02E0D225258E000EA8C5C /* Info.plist */,
			);
			path = Parstagram;
			sourceTree = "<group>";
		};
		72C02E15225258E100EA8C5C /* ParstagramTests */ = {
			isa = PBXGroup;
			children = (
				72C02E16225258E100EA8C5C /* ParstagramTests.swift */,
				72C02E18225258E100EA8C5C /* Info.plist */,
			);
			path = ParstagramTests;
			sourceTree = "<group>";
		};
		72C02E20225258E100EA8C5C /* ParstagramUITests */ = {
			isa = PBXGroup;
			children = (
				72C02E21225258E100EA8C5C /* ParstagramUITests.swift */,
				72C02E23225258E100EA8C5C /* Info.plist */,
			);
			path = ParstagramUITests;
			sourceTree = "<group>";
		};
/* End PBXGroup section */

/* Begin PBXNativeTarget section */
		72C02DFD225258CB00EA8C5C /* Parstagram */ = {
			isa = PBXNativeTarget;
			buildConfigurationList = 72C02E26225258E100EA8C5C /* Build configuration list for PBXNativeTarget "Parstagram" */;
			buildPhases = (
				72C02DFA225258CB00EA8C5C /* Sources */,
				72C02DFB225258CB00EA8C5C /* Frameworks */,
				72C02DFC225258CB00EA8C5C /* Resources */,
			);
			buildRules = (
			);
			dependencies = (
			);
			name = Parstagram;
			productName = Parstagram;
			productReference = 72C02DFE225258CB00EA8C5C /* Parstagram.app */;
			productType = "com.apple.product-type.application";
		};
		72C02E11225258E100EA8C5C /* ParstagramTests */ = {
			isa = PBXNativeTarget;
			buildConfigurationList = 72C02E29225258E100EA8C5C /* Build configuration list for PBXNativeTarget "ParstagramTests" */;
			buildPhases = (
				72C02E0E225258E100EA8C5C /* Sources */,
				72C02E0F225258E100EA8C5C /* Frameworks */,
				72C02E10225258E100EA8C5C /* Resources */,
			);
			buildRules = (
			);
			dependencies = (
				72C02E14225258E100EA8C5C /* PBXTargetDependency */,
			);
			name = ParstagramTests;
			productName = ParstagramTests;
			productReference = 72C02E12225258E100EA8C5C /* ParstagramTests.xctest */;
			productType = "com.apple.product-type.bundle.unit-test";
		};
		72C02E1C225258E100EA8C5C /* ParstagramUITests */ = {
			isa = PBXNativeTarget;
			buildConfigurationList = 72C02E2C225258E100EA8C5C /* Build configuration list for PBXNativeTarget "ParstagramUITests" */;
			buildPhases = (
				72C02E19225258E100EA8C5C /* Sources */,
				72C02E1A225258E100EA8C5C /* Frameworks */,
				72C02E1B225258E100EA8C5C /* Resources */,
			);
			buildRules = (
			);
			dependencies = (
				72C02E1F225258E100EA8C5C /* PBXTargetDependency */,
			);
			name = ParstagramUITests;
			productName = ParstagramUITests;
			productReference = 72C02E1D225258E100EA8C5C /* ParstagramUITests.xctest */;
			productType = "com.apple.product-type.bundle.ui-testing";
		};
/* End PBXNativeTarget section */

/* Begin PBXProject section */
		72C02DF6225258CB00EA8C5C /* Project object */ = {
			isa = PBXProject;
			attributes = {
				LastSwiftUpdateCheck = 1010;
				LastUpgradeCheck = 1010;
				ORGANIZATIONNAME = MamadouABalde;
				TargetAttributes = {
					72C02DFD225258CB00EA8C5C = {
						CreatedOnToolsVersion = 10.1;
					};
					72C02E11225258E100EA8C5C = {
						CreatedOnToolsVersion = 10.1;
						TestTargetID = 72C02DFD225258CB00EA8C5C;
					};
					72C02E1C225258E100EA8C5C = {
						CreatedOnToolsVersion = 10.1;
						TestTargetID = 72C02DFD225258CB00EA8C5C;
					};
				};
			};
			buildConfigurationList = 72C02DF9225258CB00EA8C5C /* Build configuration list for PBXProject "Parstagram" */;
			compatibilityVersion = "Xcode 9.3";
			developmentRegion = en;
			hasScannedForEncodings = 0;
			knownRegions = (
				en,
				Base,
			);
			mainGroup = 72C02DF5225258CB00EA8C5C;
			productRefGroup = 72C02DFF225258CB00EA8C5C /* Products */;
			projectDirPath = "";
			projectRoot = "";
			targets = (
				72C02DFD225258CB00EA8C5C /* Parstagram */,
				72C02E11225258E100EA8C5C /* ParstagramTests */,
				72C02E1C225258E100EA8C5C /* ParstagramUITests */,
			);
		};
/* End PBXProject section */

/* Begin PBXResourcesBuildPhase section */
		72C02DFC225258CB00EA8C5C /* Resources */ = {
			isa = PBXResourcesBuildPhase;
			buildActionMask = 2147483647;
			files = (
				72C02E0C225258E000EA8C5C /* LaunchScreen.storyboard in Resources */,
				72C02E09225258E000EA8C5C /* Assets.xcassets in Resources */,
				72C02E07225258CB00EA8C5C /* Main.storyboard in Resources */,
			);
			runOnlyForDeploymentPostprocessing = 0;
		};
		72C02E10225258E100EA8C5C /* Resources */ = {
			isa = PBXResourcesBuildPhase;
			buildActionMask = 2147483647;
			files = (
			);
			runOnlyForDeploymentPostprocessing = 0;
		};
		72C02E1B225258E100EA8C5C /* Resources */ = {
			isa = PBXResourcesBuildPhase;
			buildActionMask = 2147483647;
			files = (
			);
			runOnlyForDeploymentPostprocessing = 0;
		};
/* End PBXResourcesBuildPhase section */

/* Begin PBXSourcesBuildPhase section */
		72C02DFA225258CB00EA8C5C /* Sources */ = {
			isa = PBXSourcesBuildPhase;
			buildActionMask = 2147483647;
			files = (
				72C02E04225258CB00EA8C5C /* ViewController.swift in Sources */,
				72C02E02225258CB00EA8C5C /* AppDelegate.swift in Sources */,
			);
			runOnlyForDeploymentPostprocessing = 0;
		};
		72C02E0E225258E100EA8C5C /* Sources */ = {
			isa = PBXSourcesBuildPhase;
			buildActionMask = 2147483647;
			files = (
				72C02E17225258E100EA8C5C /* ParstagramTests.swift in Sources */,
			);
			runOnlyForDeploymentPostprocessing = 0;
		};
		72C02E19225258E100EA8C5C /* Sources */ = {
			isa = PBXSourcesBuildPhase;
			buildActionMask = 2147483647;
			files = (
				72C02E22225258E100EA8C5C /* ParstagramUITests.swift in Sources */,
			);
			runOnlyForDeploymentPostprocessing = 0;
		};
/* End PBXSourcesBuildPhase section */

/* Begin PBXTargetDependency section */
		72C02E14225258E100EA8C5C /* PBXTargetDependency */ = {
			isa = PBXTargetDependency;
			target = 72C02DFD225258CB00EA8C5C /* Parstagram */;
			targetProxy = 72C02E13225258E100EA8C5C /* PBXContainerItemProxy */;
		};
		72C02E1F225258E100EA8C5C /* PBXTargetDependency */ = {
			isa = PBXTargetDependency;
			target = 72C02DFD225258CB00EA8C5C /* Parstagram */;
			targetProxy = 72C02E1E225258E100EA8C5C /* PBXContainerItemProxy */;
		};
/* End PBXTargetDependency section */

/* Begin PBXVariantGroup section */
		72C02E05225258CB00EA8C5C /* Main.storyboard */ = {
			isa = PBXVariantGroup;
			children = (
				72C02E06225258CB00EA8C5C /* Base */,
			);
			name = Main.storyboard;
			sourceTree = "<group>";
		};
		72C02E0A225258E000EA8C5C /* LaunchScreen.storyboard */ = {
			isa = PBXVariantGroup;
			children = (
				72C02E0B225258E000EA8C5C /* Base */,
			);
			name = LaunchScreen.storyboard;
			sourceTree = "<group>";
		};
/* End PBXVariantGroup section */

/* Begin XCBuildConfiguration section */
		72C02E24225258E100EA8C5C /* Debug */ = {
			isa = XCBuildConfiguration;
			buildSettings = {
				ALWAYS_SEARCH_USER_PATHS = NO;
				CLANG_ANALYZER_NONNULL = YES;
				CLANG_ANALYZER_NUMBER_OBJECT_CONVERSION = YES_AGGRESSIVE;
				CLANG_CXX_LANGUAGE_STANDARD = "gnu++14";
				CLANG_CXX_LIBRARY = "libc++";
				CLANG_ENABLE_MODULES = YES;
				CLANG_ENABLE_OBJC_ARC = YES;
				CLANG_ENABLE_OBJC_WEAK = YES;
				CLANG_WARN_BLOCK_CAPTURE_AUTORELEASING = YES;
				CLANG_WARN_BOOL_CONVERSION = YES;
				CLANG_WARN_COMMA = YES;
				CLANG_WARN_CONSTANT_CONVERSION = YES;
				CLANG_WARN_DEPRECATED_OBJC_IMPLEMENTATIONS = YES;
				CLANG_WARN_DIRECT_OBJC_ISA_USAGE = YES_ERROR;
				CLANG_WARN_DOCUMENTATION_COMMENTS = YES;
				CLANG_WARN_EMPTY_BODY = YES;
				CLANG_WARN_ENUM_CONVERSION = YES;
				CLANG_WARN_INFINITE_RECURSION = YES;
				CLANG_WARN_INT_CONVERSION = YES;
				CLANG_WARN_NON_LITERAL_NULL_CONVERSION = YES;
				CLANG_WARN_OBJC_IMPLICIT_RETAIN_SELF = YES;
				CLANG_WARN_OBJC_LITERAL_CONVERSION = YES;
				CLANG_WARN_OBJC_ROOT_CLASS = YES_ERROR;
				CLANG_WARN_RANGE_LOOP_ANALYSIS = YES;
				CLANG_WARN_STRICT_PROTOTYPES = YES;
				CLANG_WARN_SUSPICIOUS_MOVE = YES;
				CLANG_WARN_UNGUARDED_AVAILABILITY = YES_AGGRESSIVE;
				CLANG_WARN_UNREACHABLE_CODE = YES;
				CLANG_WARN__DUPLICATE_METHOD_MATCH = YES;
				CODE_SIGN_IDENTITY = "iPhone Developer";
				COPY_PHASE_STRIP = NO;
				DEBUG_INFORMATION_FORMAT = dwarf;
				ENABLE_STRICT_OBJC_MSGSEND = YES;
				ENABLE_TESTABILITY = YES;
				GCC_C_LANGUAGE_STANDARD = gnu11;
				GCC_DYNAMIC_NO_PIC = NO;
				GCC_NO_COMMON_BLOCKS = YES;
				GCC_OPTIMIZATION_LEVEL = 0;
				GCC_PREPROCESSOR_DEFINITIONS = (
					"DEBUG=1",
					"$(inherited)",
				);
				GCC_WARN_64_TO_32_BIT_CONVERSION = YES;
				GCC_WARN_ABOUT_RETURN_TYPE = YES_ERROR;
				GCC_WARN_UNDECLARED_SELECTOR = YES;
				GCC_WARN_UNINITIALIZED_AUTOS = YES_AGGRESSIVE;
				GCC_WARN_UNUSED_FUNCTION = YES;
				GCC_WARN_UNUSED_VARIABLE = YES;
				IPHONEOS_DEPLOYMENT_TARGET = 12.1;
				MTL_ENABLE_DEBUG_INFO = INCLUDE_SOURCE;
				MTL_FAST_MATH = YES;
				ONLY_ACTIVE_ARCH = YES;
				SDKROOT = iphoneos;
				SWIFT_ACTIVE_COMPILATION_CONDITIONS = DEBUG;
				SWIFT_OPTIMIZATION_LEVEL = "-Onone";
			};
			name = Debug;
		};
		72C02E25225258E100EA8C5C /* Release */ = {
			isa = XCBuildConfiguration;
			buildSettings = {
				ALWAYS_SEARCH_USER_PATHS = NO;
				CLANG_ANALYZER_NONNULL = YES;
				CLANG_ANALYZER_NUMBER_OBJECT_CONVERSION = YES_AGGRESSIVE;
				CLANG_CXX_LANGUAGE_STANDARD = "gnu++14";
				CLANG_CXX_LIBRARY = "libc++";
				CLANG_ENABLE_MODULES = YES;
				CLANG_ENABLE_OBJC_ARC = YES;
				CLANG_ENABLE_OBJC_WEAK = YES;
				CLANG_WARN_BLOCK_CAPTURE_AUTORELEASING = YES;
				CLANG_WARN_BOOL_CONVERSION = YES;
				CLANG_WARN_COMMA = YES;
				CLANG_WARN_CONSTANT_CONVERSION = YES;
				CLANG_WARN_DEPRECATED_OBJC_IMPLEMENTATIONS = YES;
				CLANG_WARN_DIRECT_OBJC_ISA_USAGE = YES_ERROR;
				CLANG_WARN_DOCUMENTATION_COMMENTS = YES;
				CLANG_WARN_EMPTY_BODY = YES;
				CLANG_WARN_ENUM_CONVERSION = YES;
				CLANG_WARN_INFINITE_RECURSION = YES;
				CLANG_WARN_INT_CONVERSION = YES;
				CLANG_WARN_NON_LITERAL_NULL_CONVERSION = YES;
				CLANG_WARN_OBJC_IMPLICIT_RETAIN_SELF = YES;
				CLANG_WARN_OBJC_LITERAL_CONVERSION = YES;
				CLANG_WARN_OBJC_ROOT_CLASS = YES_ERROR;
				CLANG_WARN_RANGE_LOOP_ANALYSIS = YES;
				CLANG_WARN_STRICT_PROTOTYPES = YES;
				CLANG_WARN_SUSPICIOUS_MOVE = YES;
				CLANG_WARN_UNGUARDED_AVAILABILITY = YES_AGGRESSIVE;
				CLANG_WARN_UNREACHABLE_CODE = YES;
				CLANG_WARN__DUPLICATE_METHOD_MATCH = YES;
				CODE_SIGN_IDENTITY = "iPhone Developer";
				COPY_PHASE_STRIP = NO;
				DEBUG_INFORMATION_FORMAT = "dwarf-with-dsym";
				ENABLE_NS_ASSERTIONS = NO;
				ENABLE_STRICT_OBJC_MSGSEND = YES;
				GCC_C_LANGUAGE_STANDARD = gnu11;
				GCC_NO_COMMON_BLOCKS = YES;
				GCC_WARN_64_TO_32_BIT_CONVERSION = YES;
				GCC_WARN_ABOUT_RETURN_TYPE = YES_ERROR;
				GCC_WARN_UNDECLARED_SELECTOR = YES;
				GCC_WARN_UNINITIALIZED_AUTOS = YES_AGGRESSIVE;
				GCC_WARN_UNUSED_FUNCTION = YES;
				GCC_WARN_UNUSED_VARIABLE = YES;
				IPHONEOS_DEPLOYMENT_TARGET = 12.1;
				MTL_ENABLE_DEBUG_INFO = NO;
				MTL_FAST_MATH = YES;
				SDKROOT = iphoneos;
				SWIFT_COMPILATION_MODE = wholemodule;
				SWIFT_OPTIMIZATION_LEVEL = "-O";
				VALIDATE_PRODUCT = YES;
			};
			name = Release;
		};
		72C02E27225258E100EA8C5C /* Debug */ = {
			isa = XCBuildConfiguration;
			buildSettings = {
				ASSETCATALOG_COMPILER_APPICON_NAME = AppIcon;
				CODE_SIGN_STYLE = Automatic;
				INFOPLIST_FILE = Parstagram/Info.plist;
				LD_RUNPATH_SEARCH_PATHS = (
					"$(inherited)",
					"@executable_path/Frameworks",
				);
				PRODUCT_BUNDLE_IDENTIFIER = "Exo-1.Parstagram";
				PRODUCT_NAME = "$(TARGET_NAME)";
				SWIFT_VERSION = 4.2;
				TARGETED_DEVICE_FAMILY = "1,2";
			};
			name = Debug;
		};
		72C02E28225258E100EA8C5C /* Release */ = {
			isa = XCBuildConfiguration;
			buildSettings = {
				ASSETCATALOG_COMPILER_APPICON_NAME = AppIcon;
				CODE_SIGN_STYLE = Automatic;
				INFOPLIST_FILE = Parstagram/Info.plist;
				LD_RUNPATH_SEARCH_PATHS = (
					"$(inherited)",
					"@executable_path/Frameworks",
				);
				PRODUCT_BUNDLE_IDENTIFIER = "Exo-1.Parstagram";
				PRODUCT_NAME = "$(TARGET_NAME)";
				SWIFT_VERSION = 4.2;
				TARGETED_DEVICE_FAMILY = "1,2";
			};
			name = Release;
		};
		72C02E2A225258E100EA8C5C /* Debug */ = {
			isa = XCBuildConfiguration;
			buildSettings = {
				ALWAYS_EMBED_SWIFT_STANDARD_LIBRARIES = YES;
				BUNDLE_LOADER = "$(TEST_HOST)";
				CODE_SIGN_STYLE = Automatic;
				INFOPLIST_FILE = ParstagramTests/Info.plist;
				LD_RUNPATH_SEARCH_PATHS = (
					"$(inherited)",
					"@executable_path/Frameworks",
					"@loader_path/Frameworks",
				);
				PRODUCT_BUNDLE_IDENTIFIER = "Exo-1.ParstagramTests";
				PRODUCT_NAME = "$(TARGET_NAME)";
				SWIFT_VERSION = 4.2;
				TARGETED_DEVICE_FAMILY = "1,2";
				TEST_HOST = "$(BUILT_PRODUCTS_DIR)/Parstagram.app/Parstagram";
			};
			name = Debug;
		};
		72C02E2B225258E100EA8C5C /* Release */ = {
			isa = XCBuildConfiguration;
			buildSettings = {
				ALWAYS_EMBED_SWIFT_STANDARD_LIBRARIES = YES;
				BUNDLE_LOADER = "$(TEST_HOST)";
				CODE_SIGN_STYLE = Automatic;
				INFOPLIST_FILE = ParstagramTests/Info.plist;
				LD_RUNPATH_SEARCH_PATHS = (
					"$(inherited)",
					"@executable_path/Frameworks",
					"@loader_path/Frameworks",
				);
				PRODUCT_BUNDLE_IDENTIFIER = "Exo-1.ParstagramTests";
				PRODUCT_NAME = "$(TARGET_NAME)";
				SWIFT_VERSION = 4.2;
				TARGETED_DEVICE_FAMILY = "1,2";
				TEST_HOST = "$(BUILT_PRODUCTS_DIR)/Parstagram.app/Parstagram";
			};
			name = Release;
		};
		72C02E2D225258E100EA8C5C /* Debug */ = {
			isa = XCBuildConfiguration;
			buildSettings = {
				ALWAYS_EMBED_SWIFT_STANDARD_LIBRARIES = YES;
				CODE_SIGN_STYLE = Automatic;
				INFOPLIST_FILE = ParstagramUITests/Info.plist;
				LD_RUNPATH_SEARCH_PATHS = (
					"$(inherited)",
					"@executable_path/Frameworks",
					"@loader_path/Frameworks",
				);
				PRODUCT_BUNDLE_IDENTIFIER = "Exo-1.ParstagramUITests";
				PRODUCT_NAME = "$(TARGET_NAME)";
				SWIFT_VERSION = 4.2;
				TARGETED_DEVICE_FAMILY = "1,2";
				TEST_TARGET_NAME = Parstagram;
			};
			name = Debug;
		};
		72C02E2E225258E100EA8C5C /* Release */ = {
			isa = XCBuildConfiguration;
			buildSettings = {
				ALWAYS_EMBED_SWIFT_STANDARD_LIBRARIES = YES;
				CODE_SIGN_STYLE = Automatic;
				INFOPLIST_FILE = ParstagramUITests/Info.plist;
				LD_RUNPATH_SEARCH_PATHS = (
					"$(inherited)",
					"@executable_path/Frameworks",
					"@loader_path/Frameworks",
				);
				PRODUCT_BUNDLE_IDENTIFIER = "Exo-1.ParstagramUITests";
				PRODUCT_NAME = "$(TARGET_NAME)";
				SWIFT_VERSION = 4.2;
				TARGETED_DEVICE_FAMILY = "1,2";
				TEST_TARGET_NAME = Parstagram;
			};
			name = Release;
		};
/* End XCBuildConfiguration section */

/* Begin XCConfigurationList section */
		72C02DF9225258CB00EA8C5C /* Build configuration list for PBXProject "Parstagram" */ = {
			isa = XCConfigurationList;
			buildConfigurations = (
				72C02E24225258E100EA8C5C /* Debug */,
				72C02E25225258E100EA8C5C /* Release */,
			);
			defaultConfigurationIsVisible = 0;
			defaultConfigurationName = Release;
		};
		72C02E26225258E100EA8C5C /* Build configuration list for PBXNativeTarget "Parstagram" */ = {
			isa = XCConfigurationList;
			buildConfigurations = (
				72C02E27225258E100EA8C5C /* Debug */,
				72C02E28225258E100EA8C5C /* Release */,
			);
			defaultConfigurationIsVisible = 0;
			defaultConfigurationName = Release;
		};
		72C02E29225258E100EA8C5C /* Build configuration list for PBXNativeTarget "ParstagramTests" */ = {
			isa = XCConfigurationList;
			buildConfigurations = (
				72C02E2A225258E100EA8C5C /* Debug */,
				72C02E2B225258E100EA8C5C /* Release */,
			);
			defaultConfigurationIsVisible = 0;
			defaultConfigurationName = Release;
		};
		72C02E2C225258E100EA8C5C /* Build configuration list for PBXNativeTarget "ParstagramUITests" */ = {
			isa = XCConfigurationList;
			buildConfigurations = (
				72C02E2D225258E100EA8C5C /* Debug */,
				72C02E2E225258E100EA8C5C /* Release */,
			);
			defaultConfigurationIsVisible = 0;
			defaultConfigurationName = Release;
		};
/* End XCConfigurationList section */
	};
	rootObject = 72C02DF6225258CB00EA8C5C /* Project object */;
}
